
Microsoft Visual Studio Solution File, Format Version 12.00
# Visual Studio 15
VisualStudioVersion = 15.0.28307.421
MinimumVisualStudioVersion = 10.0.40219.1
Project("{FAE04EC0-301F-11D3-BF4B-00C04F79EFBC}") = "BowlingGame", "BowlingGame\BowlingGame.csproj", "{3DDD0621-C9DF-42A4-88F6-5B0C4681C7A9}"
EndProject
Project("{FAE04EC0-301F-11D3-BF4B-00C04F79EFBC}") = "BowlingGameTest", "BowlingGameTest\BowlingGameTest.csproj", "{76FF7293-3228-4A3E-BB64-8DAF83D9F181}"
EndProject
Global
	GlobalSection(SolutionConfigurationPlatforms) = preSolution
		Debug|Any CPU = Debug|Any CPU
		Release|Any CPU = Release|Any CPU
	EndGlobalSection
	GlobalSection(ProjectConfigurationPlatforms) = postSolution
		{3DDD0621-C9DF-42A4-88F6-5B0C4681C7A9}.Debug|Any CPU.ActiveCfg = Debug|Any CPU
		{3DDD0621-C9DF-42A4-88F6-5B0C4681C7A9}.Debug|Any CPU.Build.0 = Debug|Any CPU
		{3DDD0621-C9DF-42A4-88F6-5B0C4681C7A9}.Release|Any CPU.ActiveCfg = Release|Any CPU
		{3DDD0621-C9DF-42A4-88F6-5B0C4681C7A9}.Release|Any CPU.Build.0 = Release|Any CPU
		{76FF7293-3228-4A3E-BB64-8DAF83D9F181}.Debug|Any CPU.ActiveCfg = Debug|Any CPU
		{76FF7293-3228-4A3E-BB64-8DAF83D9F181}.Debug|Any CPU.Build.0 = Debug|Any CPU
		{76FF7293-3228-4A3E-BB64-8DAF83D9F181}.Release|Any CPU.ActiveCfg = Release|Any CPU
		{76FF7293-3228-4A3E-BB64-8DAF83D9F181}.Release|Any CPU.Build.0 = Release|Any CPU
	EndGlobalSection
	GlobalSection(SolutionProperties) = preSolution
		HideSolutionNode = FALSE
	EndGlobalSection
	GlobalSection(ExtensibilityGlobals) = postSolution
		SolutionGuid = {AB383EF8-A6CC-4AF9-85D9-6AA0FB9F2D5F}
	EndGlobalSection
EndGlobal
